
Microsoft Visual Studio Solution File, Format Version 12.00
# Visual Studio 14
VisualStudioVersion = 14.0.25420.1
MinimumVisualStudioVersion = 10.0.40219.1
Project("{FAE04EC0-301F-11D3-BF4B-00C04F79EFBC}") = "KeywordsSoft.Program", "KeywordsSoft.Program\KeywordsSoft.Program.csproj", "{AA8F8AE2-672E-4E68-8F60-ED5E558A18D2}"
EndProject
Project("{FAE04EC0-301F-11D3-BF4B-00C04F79EFBC}") = "KeywordsSoft.Library", "KeywordsSoft.Library\KeywordsSoft.Library.csproj", "{577A7172-A0C6-425F-9EAE-D8B1D75498D0}"
EndProject
Global
	GlobalSection(SolutionConfigurationPlatforms) = preSolution
		Debug|Any CPU = Debug|Any CPU
		Release|Any CPU = Release|Any CPU
	EndGlobalSection
	GlobalSection(ProjectConfigurationPlatforms) = postSolution
		{AA8F8AE2-672E-4E68-8F60-ED5E558A18D2}.Debug|Any CPU.ActiveCfg = Debug|Any CPU
		{AA8F8AE2-672E-4E68-8F60-ED5E558A18D2}.Debug|Any CPU.Build.0 = Debug|Any CPU
		{AA8F8AE2-672E-4E68-8F60-ED5E558A18D2}.Release|Any CPU.ActiveCfg = Release|Any CPU
		{AA8F8AE2-672E-4E68-8F60-ED5E558A18D2}.Release|Any CPU.Build.0 = Release|Any CPU
		{577A7172-A0C6-425F-9EAE-D8B1D75498D0}.Debug|Any CPU.ActiveCfg = Debug|Any CPU
		{577A7172-A0C6-425F-9EAE-D8B1D75498D0}.Debug|Any CPU.Build.0 = Debug|Any CPU
		{577A7172-A0C6-425F-9EAE-D8B1D75498D0}.Release|Any CPU.ActiveCfg = Release|Any CPU
		{577A7172-A0C6-425F-9EAE-D8B1D75498D0}.Release|Any CPU.Build.0 = Release|Any CPU
	EndGlobalSection
	GlobalSection(SolutionProperties) = preSolution
		HideSolutionNode = FALSE
	EndGlobalSection
EndGlobal
